
Microsoft Visual Studio Solution File, Format Version 12.00
# Visual Studio Version 16
VisualStudioVersion = 16.0.31019.35
MinimumVisualStudioVersion = 10.0.40219.1
Project("{9A19103F-16F7-4668-BE54-9A1E7A4F7556}") = "Game.Modules", "src\Game.Modules\Game.Modules.csproj", "{314B581E-361C-4AAB-B150-559A9EA62657}"
EndProject
Project("{9A19103F-16F7-4668-BE54-9A1E7A4F7556}") = "Game.Resources", "src\Game.Resources\Game.Resources.csproj", "{1C7F40EA-3F06-4F0E-AF55-FF6EA1B39887}"
EndProject
Project("{2150E333-8FDC-42A3-9474-1A3956D46DE8}") = "Game", "Game", "{BE7C192B-902E-418E-92B3-F3181556E2CA}"
EndProject
Project("{2150E333-8FDC-42A3-9474-1A3956D46DE8}") = "Server", "Server", "{3A43B38B-3913-4300-83CC-C110105A9228}"
EndProject
Project("{2150E333-8FDC-42A3-9474-1A3956D46DE8}") = "Nesh", "Nesh", "{7541BE6D-4431-4360-B348-E25CEA43AC57}"
EndProject
Project("{2150E333-8FDC-42A3-9474-1A3956D46DE8}") = "Tool", "Tool", "{C6A55210-E1A5-437E-8B9E-76665FB6B269}"
EndProject
Project("{9A19103F-16F7-4668-BE54-9A1E7A4F7556}") = "GenCodes", "tool\GenCodes\GenCodes.csproj", "{870A27C4-B077-4296-BD5D-583746013441}"
EndProject
Project("{9A19103F-16F7-4668-BE54-9A1E7A4F7556}") = "Nesh.Abstractions", "src\Nesh.Abstractions\Nesh.Abstractions.csproj", "{80822D95-9C53-4F09-8EB5-C37FDF836C6C}"
EndProject
Project("{9A19103F-16F7-4668-BE54-9A1E7A4F7556}") = "Nesh.Runtime", "src\Nesh.Runtime\Nesh.Runtime.csproj", "{4F6BBCBE-02BF-4CAB-80A0-AEBC43142B55}"
EndProject
Project("{9A19103F-16F7-4668-BE54-9A1E7A4F7556}") = "Nesh.Gateway", "src\Nesh.Gateway\Nesh.Gateway.csproj", "{B0D92CCC-3730-4BC4-882C-2C1684AC7A3C}"
EndProject
Project("{9A19103F-16F7-4668-BE54-9A1E7A4F7556}") = "Nesh.SiloHost", "src\Nesh.SiloHost\Nesh.SiloHost.csproj", "{CDFFD92E-21CC-4AAB-82B5-57C363E44641}"
EndProject
Project("{9A19103F-16F7-4668-BE54-9A1E7A4F7556}") = "Nesh.WebAPI", "src\Nesh.WebAPI\Nesh.WebAPI.csproj", "{007EF5F0-F139-4D51-B8DA-D607ACA66600}"
EndProject
Global
	GlobalSection(SolutionConfigurationPlatforms) = preSolution
		Debug|Any CPU = Debug|Any CPU
		Release|Any CPU = Release|Any CPU
	EndGlobalSection
	GlobalSection(ProjectConfigurationPlatforms) = postSolution
		{314B581E-361C-4AAB-B150-559A9EA62657}.Debug|Any CPU.ActiveCfg = Debug|Any CPU
		{314B581E-361C-4AAB-B150-559A9EA62657}.Debug|Any CPU.Build.0 = Debug|Any CPU
		{314B581E-361C-4AAB-B150-559A9EA62657}.Release|Any CPU.ActiveCfg = Release|Any CPU
		{314B581E-361C-4AAB-B150-559A9EA62657}.Release|Any CPU.Build.0 = Release|Any CPU
		{1C7F40EA-3F06-4F0E-AF55-FF6EA1B39887}.Debug|Any CPU.ActiveCfg = Debug|Any CPU
		{1C7F40EA-3F06-4F0E-AF55-FF6EA1B39887}.Debug|Any CPU.Build.0 = Debug|Any CPU
		{1C7F40EA-3F06-4F0E-AF55-FF6EA1B39887}.Release|Any CPU.ActiveCfg = Release|Any CPU
		{1C7F40EA-3F06-4F0E-AF55-FF6EA1B39887}.Release|Any CPU.Build.0 = Release|Any CPU
		{870A27C4-B077-4296-BD5D-583746013441}.Debug|Any CPU.ActiveCfg = Debug|Any CPU
		{870A27C4-B077-4296-BD5D-583746013441}.Debug|Any CPU.Build.0 = Debug|Any CPU
		{870A27C4-B077-4296-BD5D-583746013441}.Release|Any CPU.ActiveCfg = Release|Any CPU
		{870A27C4-B077-4296-BD5D-583746013441}.Release|Any CPU.Build.0 = Release|Any CPU
		{80822D95-9C53-4F09-8EB5-C37FDF836C6C}.Debug|Any CPU.ActiveCfg = Debug|Any CPU
		{80822D95-9C53-4F09-8EB5-C37FDF836C6C}.Debug|Any CPU.Build.0 = Debug|Any CPU
		{80822D95-9C53-4F09-8EB5-C37FDF836C6C}.Release|Any CPU.ActiveCfg = Release|Any CPU
		{80822D95-9C53-4F09-8EB5-C37FDF836C6C}.Release|Any CPU.Build.0 = Release|Any CPU
		{4F6BBCBE-02BF-4CAB-80A0-AEBC43142B55}.Debug|Any CPU.ActiveCfg = Debug|Any CPU
		{4F6BBCBE-02BF-4CAB-80A0-AEBC43142B55}.Debug|Any CPU.Build.0 = Debug|Any CPU
		{4F6BBCBE-02BF-4CAB-80A0-AEBC43142B55}.Release|Any CPU.ActiveCfg = Release|Any CPU
		{4F6BBCBE-02BF-4CAB-80A0-AEBC43142B55}.Release|Any CPU.Build.0 = Release|Any CPU
		{B0D92CCC-3730-4BC4-882C-2C1684AC7A3C}.Debug|Any CPU.ActiveCfg = Debug|Any CPU
		{B0D92CCC-3730-4BC4-882C-2C1684AC7A3C}.Debug|Any CPU.Build.0 = Debug|Any CPU
		{B0D92CCC-3730-4BC4-882C-2C1684AC7A3C}.Release|Any CPU.ActiveCfg = Release|Any CPU
		{B0D92CCC-3730-4BC4-882C-2C1684AC7A3C}.Release|Any CPU.Build.0 = Release|Any CPU
		{CDFFD92E-21CC-4AAB-82B5-57C363E44641}.Debug|Any CPU.ActiveCfg = Debug|Any CPU
		{CDFFD92E-21CC-4AAB-82B5-57C363E44641}.Debug|Any CPU.Build.0 = Debug|Any CPU
		{CDFFD92E-21CC-4AAB-82B5-57C363E44641}.Release|Any CPU.ActiveCfg = Release|Any CPU
		{CDFFD92E-21CC-4AAB-82B5-57C363E44641}.Release|Any CPU.Build.0 = Release|Any CPU
		{007EF5F0-F139-4D51-B8DA-D607ACA66600}.Debug|Any CPU.ActiveCfg = Debug|Any CPU
		{007EF5F0-F139-4D51-B8DA-D607ACA66600}.Debug|Any CPU.Build.0 = Debug|Any CPU
		{007EF5F0-F139-4D51-B8DA-D607ACA66600}.Release|Any CPU.ActiveCfg = Release|Any CPU
		{007EF5F0-F139-4D51-B8DA-D607ACA66600}.Release|Any CPU.Build.0 = Release|Any CPU
	EndGlobalSection
	GlobalSection(SolutionProperties) = preSolution
		HideSolutionNode = FALSE
	EndGlobalSection
	GlobalSection(NestedProjects) = preSolution
		{314B581E-361C-4AAB-B150-559A9EA62657} = {BE7C192B-902E-418E-92B3-F3181556E2CA}
		{1C7F40EA-3F06-4F0E-AF55-FF6EA1B39887} = {BE7C192B-902E-418E-92B3-F3181556E2CA}
		{870A27C4-B077-4296-BD5D-583746013441} = {C6A55210-E1A5-437E-8B9E-76665FB6B269}
		{80822D95-9C53-4F09-8EB5-C37FDF836C6C} = {7541BE6D-4431-4360-B348-E25CEA43AC57}
		{4F6BBCBE-02BF-4CAB-80A0-AEBC43142B55} = {7541BE6D-4431-4360-B348-E25CEA43AC57}
		{B0D92CCC-3730-4BC4-882C-2C1684AC7A3C} = {3A43B38B-3913-4300-83CC-C110105A9228}
		{CDFFD92E-21CC-4AAB-82B5-57C363E44641} = {3A43B38B-3913-4300-83CC-C110105A9228}
		{007EF5F0-F139-4D51-B8DA-D607ACA66600} = {3A43B38B-3913-4300-83CC-C110105A9228}
	EndGlobalSection
	GlobalSection(ExtensibilityGlobals) = postSolution
		SolutionGuid = {89919F39-9A19-490D-8CAF-5F1182998745}
	EndGlobalSection
EndGlobal
